// !$*UTF8*$!
{
	archiveVersion = 1;
	classes = {
	};
	objectVersion = 46;
	objects = {

/* Begin PBXAggregateTarget section */
		"Concurrency::ConcurrencyPackageTests::ProductTarget" /* ConcurrencyPackageTests */ = {
			isa = PBXAggregateTarget;
			buildConfigurationList = OBJ_39 /* Build configuration list for PBXAggregateTarget "ConcurrencyPackageTests" */;
			buildPhases = (
			);
			dependencies = (
				OBJ_42 /* PBXTargetDependency */,
			);
			name = ConcurrencyPackageTests;
			productName = ConcurrencyPackageTests;
		};
/* End PBXAggregateTarget section */

/* Begin PBXBuildFile section */
		41B94843210A4744007E59C8 /* SerialSequenceExecutor.swift in Sources */ = {isa = PBXBuildFile; fileRef = 41B9483F210A4744007E59C8 /* SerialSequenceExecutor.swift */; };
		41B94844210A4744007E59C8 /* SequenceExecutor.swift in Sources */ = {isa = PBXBuildFile; fileRef = 41B94840210A4744007E59C8 /* SequenceExecutor.swift */; };
		41B94845210A4744007E59C8 /* ConcurrentSequenceExecutor.swift in Sources */ = {isa = PBXBuildFile; fileRef = 41B94841210A4744007E59C8 /* ConcurrentSequenceExecutor.swift */; };
		41B94846210A4744007E59C8 /* Task.swift in Sources */ = {isa = PBXBuildFile; fileRef = 41B94842210A4744007E59C8 /* Task.swift */; };
		41B94849210A4756007E59C8 /* ConcurrentSequenceExecutorTests.swift in Sources */ = {isa = PBXBuildFile; fileRef = 41B94848210A4756007E59C8 /* ConcurrentSequenceExecutorTests.swift */; };
		OBJ_27 /* AtomicBool.swift in Sources */ = {isa = PBXBuildFile; fileRef = OBJ_9 /* AtomicBool.swift */; };
		OBJ_28 /* AtomicInt.swift in Sources */ = {isa = PBXBuildFile; fileRef = OBJ_10 /* AtomicInt.swift */; };
		OBJ_29 /* AtomicReference.swift in Sources */ = {isa = PBXBuildFile; fileRef = OBJ_11 /* AtomicReference.swift */; };
		OBJ_30 /* CountDownLatch.swift in Sources */ = {isa = PBXBuildFile; fileRef = OBJ_12 /* CountDownLatch.swift */; };
		OBJ_37 /* Package.swift in Sources */ = {isa = PBXBuildFile; fileRef = OBJ_6 /* Package.swift */; };
		OBJ_48 /* AtomicBoolTests.swift in Sources */ = {isa = PBXBuildFile; fileRef = OBJ_15 /* AtomicBoolTests.swift */; };
		OBJ_49 /* AtomicIntTests.swift in Sources */ = {isa = PBXBuildFile; fileRef = OBJ_16 /* AtomicIntTests.swift */; };
		OBJ_50 /* AtomicReferenceTests.swift in Sources */ = {isa = PBXBuildFile; fileRef = OBJ_17 /* AtomicReferenceTests.swift */; };
		OBJ_51 /* CountDownLatchTests.swift in Sources */ = {isa = PBXBuildFile; fileRef = OBJ_18 /* CountDownLatchTests.swift */; };
		OBJ_53 /* Concurrency.framework in Frameworks */ = {isa = PBXBuildFile; fileRef = "Concurrency::Concurrency::Product" /* Concurrency.framework */; };
/* End PBXBuildFile section */

/* Begin PBXContainerItemProxy section */
		412CDD2D20B88EAB00AF5890 /* PBXContainerItemProxy */ = {
			isa = PBXContainerItemProxy;
			containerPortal = OBJ_1 /* Project object */;
			proxyType = 1;
			remoteGlobalIDString = "Concurrency::Concurrency";
			remoteInfo = Concurrency;
		};
		412CDD2E20B88EAB00AF5890 /* PBXContainerItemProxy */ = {
			isa = PBXContainerItemProxy;
			containerPortal = OBJ_1 /* Project object */;
			proxyType = 1;
			remoteGlobalIDString = "Concurrency::ConcurrencyTests";
			remoteInfo = ConcurrencyTests;
		};
/* End PBXContainerItemProxy section */

/* Begin PBXFileReference section */
		41B9483F210A4744007E59C8 /* SerialSequenceExecutor.swift */ = {isa = PBXFileReference; fileEncoding = 4; lastKnownFileType = sourcecode.swift; path = SerialSequenceExecutor.swift; sourceTree = "<group>"; };
		41B94840210A4744007E59C8 /* SequenceExecutor.swift */ = {isa = PBXFileReference; fileEncoding = 4; lastKnownFileType = sourcecode.swift; path = SequenceExecutor.swift; sourceTree = "<group>"; };
		41B94841210A4744007E59C8 /* ConcurrentSequenceExecutor.swift */ = {isa = PBXFileReference; fileEncoding = 4; lastKnownFileType = sourcecode.swift; path = ConcurrentSequenceExecutor.swift; sourceTree = "<group>"; };
		41B94842210A4744007E59C8 /* Task.swift */ = {isa = PBXFileReference; fileEncoding = 4; lastKnownFileType = sourcecode.swift; path = Task.swift; sourceTree = "<group>"; };
		41B94848210A4756007E59C8 /* ConcurrentSequenceExecutorTests.swift */ = {isa = PBXFileReference; fileEncoding = 4; lastKnownFileType = sourcecode.swift; path = ConcurrentSequenceExecutorTests.swift; sourceTree = "<group>"; };
		"Concurrency::Concurrency::Product" /* Concurrency.framework */ = {isa = PBXFileReference; explicitFileType = wrapper.framework; path = Concurrency.framework; sourceTree = BUILT_PRODUCTS_DIR; };
		"Concurrency::ConcurrencyTests::Product" /* ConcurrencyTests.xctest */ = {isa = PBXFileReference; lastKnownFileType = file; path = ConcurrencyTests.xctest; sourceTree = BUILT_PRODUCTS_DIR; };
		OBJ_10 /* AtomicInt.swift */ = {isa = PBXFileReference; lastKnownFileType = sourcecode.swift; path = AtomicInt.swift; sourceTree = "<group>"; };
		OBJ_11 /* AtomicReference.swift */ = {isa = PBXFileReference; lastKnownFileType = sourcecode.swift; path = AtomicReference.swift; sourceTree = "<group>"; };
		OBJ_12 /* CountDownLatch.swift */ = {isa = PBXFileReference; lastKnownFileType = sourcecode.swift; path = CountDownLatch.swift; sourceTree = "<group>"; };
		OBJ_15 /* AtomicBoolTests.swift */ = {isa = PBXFileReference; lastKnownFileType = sourcecode.swift; path = AtomicBoolTests.swift; sourceTree = "<group>"; };
		OBJ_16 /* AtomicIntTests.swift */ = {isa = PBXFileReference; lastKnownFileType = sourcecode.swift; path = AtomicIntTests.swift; sourceTree = "<group>"; };
		OBJ_17 /* AtomicReferenceTests.swift */ = {isa = PBXFileReference; lastKnownFileType = sourcecode.swift; path = AtomicReferenceTests.swift; sourceTree = "<group>"; };
		OBJ_18 /* CountDownLatchTests.swift */ = {isa = PBXFileReference; lastKnownFileType = sourcecode.swift; path = CountDownLatchTests.swift; sourceTree = "<group>"; };
		OBJ_6 /* Package.swift */ = {isa = PBXFileReference; explicitFileType = sourcecode.swift; path = Package.swift; sourceTree = "<group>"; };
		OBJ_9 /* AtomicBool.swift */ = {isa = PBXFileReference; lastKnownFileType = sourcecode.swift; path = AtomicBool.swift; sourceTree = "<group>"; };
/* End PBXFileReference section */

/* Begin PBXFrameworksBuildPhase section */
		OBJ_31 /* Frameworks */ = {
			isa = PBXFrameworksBuildPhase;
			buildActionMask = 0;
			files = (
			);
			runOnlyForDeploymentPostprocessing = 0;
		};
		OBJ_52 /* Frameworks */ = {
			isa = PBXFrameworksBuildPhase;
			buildActionMask = 0;
			files = (
				OBJ_53 /* Concurrency.framework in Frameworks */,
			);
			runOnlyForDeploymentPostprocessing = 0;
		};
/* End PBXFrameworksBuildPhase section */

/* Begin PBXGroup section */
		41B9483E210A4744007E59C8 /* Executor */ = {
			isa = PBXGroup;
			children = (
				41B9483F210A4744007E59C8 /* SerialSequenceExecutor.swift */,
				41B94840210A4744007E59C8 /* SequenceExecutor.swift */,
				41B94841210A4744007E59C8 /* ConcurrentSequenceExecutor.swift */,
				41B94842210A4744007E59C8 /* Task.swift */,
			);
			path = Executor;
			sourceTree = "<group>";
		};
		41B94847210A4756007E59C8 /* Executor */ = {
			isa = PBXGroup;
			children = (
				41B94848210A4756007E59C8 /* ConcurrentSequenceExecutorTests.swift */,
			);
			path = Executor;
			sourceTree = "<group>";
		};
		OBJ_13 /* Tests */ = {
			isa = PBXGroup;
			children = (
				OBJ_14 /* ConcurrencyTests */,
			);
			name = Tests;
			sourceTree = SOURCE_ROOT;
		};
		OBJ_14 /* ConcurrencyTests */ = {
			isa = PBXGroup;
			children = (
				41B94847210A4756007E59C8 /* Executor */,
				OBJ_15 /* AtomicBoolTests.swift */,
				OBJ_16 /* AtomicIntTests.swift */,
				OBJ_17 /* AtomicReferenceTests.swift */,
				OBJ_18 /* CountDownLatchTests.swift */,
			);
			name = ConcurrencyTests;
			path = Tests/ConcurrencyTests;
			sourceTree = SOURCE_ROOT;
		};
		OBJ_19 /* Products */ = {
			isa = PBXGroup;
			children = (
				"Concurrency::ConcurrencyTests::Product" /* ConcurrencyTests.xctest */,
				"Concurrency::Concurrency::Product" /* Concurrency.framework */,
			);
			name = Products;
			sourceTree = BUILT_PRODUCTS_DIR;
		};
		OBJ_5 = {
			isa = PBXGroup;
			children = (
				OBJ_6 /* Package.swift */,
				OBJ_7 /* Sources */,
				OBJ_13 /* Tests */,
				OBJ_19 /* Products */,
			);
			sourceTree = "<group>";
		};
		OBJ_7 /* Sources */ = {
			isa = PBXGroup;
			children = (
				OBJ_8 /* Concurrency */,
			);
			name = Sources;
			sourceTree = SOURCE_ROOT;
		};
		OBJ_8 /* Concurrency */ = {
			isa = PBXGroup;
			children = (
				41B9483E210A4744007E59C8 /* Executor */,
				OBJ_9 /* AtomicBool.swift */,
				OBJ_10 /* AtomicInt.swift */,
				OBJ_11 /* AtomicReference.swift */,
				OBJ_12 /* CountDownLatch.swift */,
			);
			name = Concurrency;
			path = Sources/Concurrency;
			sourceTree = SOURCE_ROOT;
		};
/* End PBXGroup section */

/* Begin PBXNativeTarget section */
		"Concurrency::Concurrency" /* Concurrency */ = {
			isa = PBXNativeTarget;
			buildConfigurationList = OBJ_23 /* Build configuration list for PBXNativeTarget "Concurrency" */;
			buildPhases = (
				OBJ_26 /* Sources */,
				OBJ_31 /* Frameworks */,
			);
			buildRules = (
			);
			dependencies = (
			);
			name = Concurrency;
			productName = Concurrency;
			productReference = "Concurrency::Concurrency::Product" /* Concurrency.framework */;
			productType = "com.apple.product-type.framework";
		};
		"Concurrency::ConcurrencyTests" /* ConcurrencyTests */ = {
			isa = PBXNativeTarget;
			buildConfigurationList = OBJ_44 /* Build configuration list for PBXNativeTarget "ConcurrencyTests" */;
			buildPhases = (
				OBJ_47 /* Sources */,
				OBJ_52 /* Frameworks */,
			);
			buildRules = (
			);
			dependencies = (
				OBJ_54 /* PBXTargetDependency */,
			);
			name = ConcurrencyTests;
			productName = ConcurrencyTests;
			productReference = "Concurrency::ConcurrencyTests::Product" /* ConcurrencyTests.xctest */;
			productType = "com.apple.product-type.bundle.unit-test";
		};
		"Concurrency::SwiftPMPackageDescription" /* ConcurrencyPackageDescription */ = {
			isa = PBXNativeTarget;
			buildConfigurationList = OBJ_33 /* Build configuration list for PBXNativeTarget "ConcurrencyPackageDescription" */;
			buildPhases = (
				OBJ_36 /* Sources */,
			);
			buildRules = (
			);
			dependencies = (
			);
			name = ConcurrencyPackageDescription;
			productName = ConcurrencyPackageDescription;
			productType = "com.apple.product-type.framework";
		};
/* End PBXNativeTarget section */

/* Begin PBXProject section */
		OBJ_1 /* Project object */ = {
			isa = PBXProject;
			attributes = {
				LastUpgradeCheck = 9999;
			};
			buildConfigurationList = OBJ_2 /* Build configuration list for PBXProject "Concurrency" */;
			compatibilityVersion = "Xcode 3.2";
			developmentRegion = English;
			hasScannedForEncodings = 0;
			knownRegions = (
				en,
			);
			mainGroup = OBJ_5;
			productRefGroup = OBJ_19 /* Products */;
			projectDirPath = "";
			projectRoot = "";
			targets = (
				"Concurrency::Concurrency" /* Concurrency */,
				"Concurrency::SwiftPMPackageDescription" /* ConcurrencyPackageDescription */,
				"Concurrency::ConcurrencyPackageTests::ProductTarget" /* ConcurrencyPackageTests */,
				"Concurrency::ConcurrencyTests" /* ConcurrencyTests */,
			);
		};
/* End PBXProject section */

/* Begin PBXSourcesBuildPhase section */
		OBJ_26 /* Sources */ = {
			isa = PBXSourcesBuildPhase;
			buildActionMask = 0;
			files = (
				41B94846210A4744007E59C8 /* Task.swift in Sources */,
				OBJ_27 /* AtomicBool.swift in Sources */,
				41B94844210A4744007E59C8 /* SequenceExecutor.swift in Sources */,
				41B94845210A4744007E59C8 /* ConcurrentSequenceExecutor.swift in Sources */,
				OBJ_28 /* AtomicInt.swift in Sources */,
				OBJ_29 /* AtomicReference.swift in Sources */,
				41B94843210A4744007E59C8 /* SerialSequenceExecutor.swift in Sources */,
				OBJ_30 /* CountDownLatch.swift in Sources */,
			);
			runOnlyForDeploymentPostprocessing = 0;
		};
		OBJ_36 /* Sources */ = {
			isa = PBXSourcesBuildPhase;
			buildActionMask = 0;
			files = (
				OBJ_37 /* Package.swift in Sources */,
			);
			runOnlyForDeploymentPostprocessing = 0;
		};
		OBJ_47 /* Sources */ = {
			isa = PBXSourcesBuildPhase;
			buildActionMask = 0;
			files = (
				OBJ_48 /* AtomicBoolTests.swift in Sources */,
				OBJ_49 /* AtomicIntTests.swift in Sources */,
				41B94849210A4756007E59C8 /* ConcurrentSequenceExecutorTests.swift in Sources */,
				OBJ_50 /* AtomicReferenceTests.swift in Sources */,
				OBJ_51 /* CountDownLatchTests.swift in Sources */,
			);
			runOnlyForDeploymentPostprocessing = 0;
		};
/* End PBXSourcesBuildPhase section */

/* Begin PBXTargetDependency section */
		OBJ_42 /* PBXTargetDependency */ = {
			isa = PBXTargetDependency;
			target = "Concurrency::ConcurrencyTests" /* ConcurrencyTests */;
			targetProxy = 412CDD2E20B88EAB00AF5890 /* PBXContainerItemProxy */;
		};
		OBJ_54 /* PBXTargetDependency */ = {
			isa = PBXTargetDependency;
			target = "Concurrency::Concurrency" /* Concurrency */;
			targetProxy = 412CDD2D20B88EAB00AF5890 /* PBXContainerItemProxy */;
		};
/* End PBXTargetDependency section */

/* Begin XCBuildConfiguration section */
		OBJ_24 /* Debug */ = {
			isa = XCBuildConfiguration;
			buildSettings = {
				ENABLE_TESTABILITY = YES;
				FRAMEWORK_SEARCH_PATHS = (
					"$(inherited)",
					"$(PLATFORM_DIR)/Developer/Library/Frameworks",
				);
				HEADER_SEARCH_PATHS = "$(inherited)";
				INFOPLIST_FILE = Concurrency.xcodeproj/Concurrency_Info.plist;
				LD_RUNPATH_SEARCH_PATHS = "$(inherited) $(TOOLCHAIN_DIR)/usr/lib/swift/macosx";
				OTHER_CFLAGS = "$(inherited)";
				OTHER_LDFLAGS = "$(inherited)";
				OTHER_SWIFT_FLAGS = "$(inherited)";
				PRODUCT_BUNDLE_IDENTIFIER = Concurrency;
				PRODUCT_MODULE_NAME = "$(TARGET_NAME:c99extidentifier)";
				PRODUCT_NAME = "$(TARGET_NAME:c99extidentifier)";
				SKIP_INSTALL = YES;
				SWIFT_VERSION = 4.0;
				TARGET_NAME = Concurrency;
			};
			name = Debug;
		};
		OBJ_25 /* Release */ = {
			isa = XCBuildConfiguration;
			buildSettings = {
				ENABLE_TESTABILITY = YES;
				FRAMEWORK_SEARCH_PATHS = (
					"$(inherited)",
					"$(PLATFORM_DIR)/Developer/Library/Frameworks",
				);
				HEADER_SEARCH_PATHS = "$(inherited)";
				INFOPLIST_FILE = Concurrency.xcodeproj/Concurrency_Info.plist;
				LD_RUNPATH_SEARCH_PATHS = "$(inherited) $(TOOLCHAIN_DIR)/usr/lib/swift/macosx";
				OTHER_CFLAGS = "$(inherited)";
				OTHER_LDFLAGS = "$(inherited)";
				OTHER_SWIFT_FLAGS = "$(inherited)";
				PRODUCT_BUNDLE_IDENTIFIER = Concurrency;
				PRODUCT_MODULE_NAME = "$(TARGET_NAME:c99extidentifier)";
				PRODUCT_NAME = "$(TARGET_NAME:c99extidentifier)";
				SKIP_INSTALL = YES;
				SWIFT_VERSION = 4.0;
				TARGET_NAME = Concurrency;
			};
			name = Release;
		};
		OBJ_3 /* Debug */ = {
			isa = XCBuildConfiguration;
			buildSettings = {
				CLANG_ENABLE_OBJC_ARC = YES;
				COMBINE_HIDPI_IMAGES = YES;
				COPY_PHASE_STRIP = NO;
				DEBUG_INFORMATION_FORMAT = dwarf;
				DYLIB_INSTALL_NAME_BASE = "@rpath";
				ENABLE_NS_ASSERTIONS = YES;
				GCC_OPTIMIZATION_LEVEL = 0;
				IPHONEOS_DEPLOYMENT_TARGET = 8.0;
				MACOSX_DEPLOYMENT_TARGET = 10.10;
				ONLY_ACTIVE_ARCH = YES;
				OTHER_SWIFT_FLAGS = "-DXcode";
				PRODUCT_NAME = "$(TARGET_NAME)";
				SDKROOT = macosx;
				SUPPORTED_PLATFORMS = "macosx iphoneos iphonesimulator appletvos appletvsimulator watchos watchsimulator";
				SWIFT_ACTIVE_COMPILATION_CONDITIONS = SWIFT_PACKAGE;
				SWIFT_OPTIMIZATION_LEVEL = "-Onone";
				USE_HEADERMAP = NO;
			};
			name = Debug;
		};
		OBJ_34 /* Debug */ = {
			isa = XCBuildConfiguration;
			buildSettings = {
				LD = /usr/bin/true;
				OTHER_SWIFT_FLAGS = "-swift-version 4 -I $(TOOLCHAIN_DIR)/usr/lib/swift/pm/4 -target x86_64-apple-macosx10.10 -sdk /Applications/Xcode.9.3.0.9E145.app/Contents/Developer/Platforms/MacOSX.platform/Developer/SDKs/MacOSX10.13.sdk";
				SWIFT_VERSION = 4.0;
			};
			name = Debug;
		};
		OBJ_35 /* Release */ = {
			isa = XCBuildConfiguration;
			buildSettings = {
				LD = /usr/bin/true;
				OTHER_SWIFT_FLAGS = "-swift-version 4 -I $(TOOLCHAIN_DIR)/usr/lib/swift/pm/4 -target x86_64-apple-macosx10.10 -sdk /Applications/Xcode.9.3.0.9E145.app/Contents/Developer/Platforms/MacOSX.platform/Developer/SDKs/MacOSX10.13.sdk";
				SWIFT_VERSION = 4.0;
			};
			name = Release;
		};
		OBJ_4 /* Release */ = {
			isa = XCBuildConfiguration;
			buildSettings = {
				CLANG_ENABLE_OBJC_ARC = YES;
				COMBINE_HIDPI_IMAGES = YES;
				COPY_PHASE_STRIP = YES;
				DEBUG_INFORMATION_FORMAT = "dwarf-with-dsym";
				DYLIB_INSTALL_NAME_BASE = "@rpath";
				GCC_OPTIMIZATION_LEVEL = s;
				IPHONEOS_DEPLOYMENT_TARGET = 8.0;
				MACOSX_DEPLOYMENT_TARGET = 10.10;
				OTHER_SWIFT_FLAGS = "-DXcode";
				PRODUCT_NAME = "$(TARGET_NAME)";
				SDKROOT = macosx;
				SUPPORTED_PLATFORMS = "macosx iphoneos iphonesimulator appletvos appletvsimulator watchos watchsimulator";
				SWIFT_ACTIVE_COMPILATION_CONDITIONS = SWIFT_PACKAGE;
				SWIFT_OPTIMIZATION_LEVEL = "-Owholemodule";
				USE_HEADERMAP = NO;
			};
			name = Release;
		};
		OBJ_40 /* Debug */ = {
			isa = XCBuildConfiguration;
			buildSettings = {
			};
			name = Debug;
		};
		OBJ_41 /* Release */ = {
			isa = XCBuildConfiguration;
			buildSettings = {
			};
			name = Release;
		};
		OBJ_45 /* Debug */ = {
			isa = XCBuildConfiguration;
			buildSettings = {
				EMBEDDED_CONTENT_CONTAINS_SWIFT = YES;
				FRAMEWORK_SEARCH_PATHS = (
					"$(inherited)",
					"$(PLATFORM_DIR)/Developer/Library/Frameworks",
				);
				HEADER_SEARCH_PATHS = "$(inherited)";
				INFOPLIST_FILE = Concurrency.xcodeproj/ConcurrencyTests_Info.plist;
				LD_RUNPATH_SEARCH_PATHS = "$(inherited) @loader_path/../Frameworks @loader_path/Frameworks";
				OTHER_CFLAGS = "$(inherited)";
				OTHER_LDFLAGS = "$(inherited)";
				OTHER_SWIFT_FLAGS = "$(inherited)";
				SWIFT_VERSION = 4.0;
				TARGET_NAME = ConcurrencyTests;
			};
			name = Debug;
		};
		OBJ_46 /* Release */ = {
			isa = XCBuildConfiguration;
			buildSettings = {
				EMBEDDED_CONTENT_CONTAINS_SWIFT = YES;
				FRAMEWORK_SEARCH_PATHS = (
					"$(inherited)",
					"$(PLATFORM_DIR)/Developer/Library/Frameworks",
				);
				HEADER_SEARCH_PATHS = "$(inherited)";
				INFOPLIST_FILE = Concurrency.xcodeproj/ConcurrencyTests_Info.plist;
				LD_RUNPATH_SEARCH_PATHS = "$(inherited) @loader_path/../Frameworks @loader_path/Frameworks";
				OTHER_CFLAGS = "$(inherited)";
				OTHER_LDFLAGS = "$(inherited)";
				OTHER_SWIFT_FLAGS = "$(inherited)";
				SWIFT_VERSION = 4.0;
				TARGET_NAME = ConcurrencyTests;
			};
			name = Release;
		};
/* End XCBuildConfiguration section */

/* Begin XCConfigurationList section */
		OBJ_2 /* Build configuration list for PBXProject "Concurrency" */ = {
			isa = XCConfigurationList;
			buildConfigurations = (
				OBJ_3 /* Debug */,
				OBJ_4 /* Release */,
			);
			defaultConfigurationIsVisible = 0;
			defaultConfigurationName = Release;
		};
		OBJ_23 /* Build configuration list for PBXNativeTarget "Concurrency" */ = {
			isa = XCConfigurationList;
			buildConfigurations = (
				OBJ_24 /* Debug */,
				OBJ_25 /* Release */,
			);
			defaultConfigurationIsVisible = 0;
			defaultConfigurationName = Release;
		};
		OBJ_33 /* Build configuration list for PBXNativeTarget "ConcurrencyPackageDescription" */ = {
			isa = XCConfigurationList;
			buildConfigurations = (
				OBJ_34 /* Debug */,
				OBJ_35 /* Release */,
			);
			defaultConfigurationIsVisible = 0;
			defaultConfigurationName = Release;
		};
		OBJ_39 /* Build configuration list for PBXAggregateTarget "ConcurrencyPackageTests" */ = {
			isa = XCConfigurationList;
			buildConfigurations = (
				OBJ_40 /* Debug */,
				OBJ_41 /* Release */,
			);
			defaultConfigurationIsVisible = 0;
			defaultConfigurationName = Release;
		};
		OBJ_44 /* Build configuration list for PBXNativeTarget "ConcurrencyTests" */ = {
			isa = XCConfigurationList;
			buildConfigurations = (
				OBJ_45 /* Debug */,
				OBJ_46 /* Release */,
			);
			defaultConfigurationIsVisible = 0;
			defaultConfigurationName = Release;
		};
/* End XCConfigurationList section */
	};
	rootObject = OBJ_1 /* Project object */;
}
